// !$*UTF8*$!
{
	archiveVersion = 1;
	classes = {
	};
	objectVersion = 56;
	objects = {

/* Begin PBXBuildFile section */
		4496067D2B12725500D15B6B /* CourseListModel.swift in Sources */ = {isa = PBXBuildFile; fileRef = 4496067C2B12725500D15B6B /* CourseListModel.swift */; };
		449606832B12FB2F00D15B6B /* MainViewModel.swift in Sources */ = {isa = PBXBuildFile; fileRef = 449606822B12FB2F00D15B6B /* MainViewModel.swift */; };
		449606852B1303F800D15B6B /* NotoText.swift in Sources */ = {isa = PBXBuildFile; fileRef = 449606842B1303F800D15B6B /* NotoText.swift */; };
		4496068B2B13048B00D15B6B /* NotoSansKR-Bold.ttf in Resources */ = {isa = PBXBuildFile; fileRef = 449606882B13048700D15B6B /* NotoSansKR-Bold.ttf */; };
		4496068C2B13048E00D15B6B /* NotoSansKR-Light.ttf in Resources */ = {isa = PBXBuildFile; fileRef = 4496068A2B13048700D15B6B /* NotoSansKR-Light.ttf */; };
		4496068D2B13048F00D15B6B /* NotoSansKR-Medium.ttf in Resources */ = {isa = PBXBuildFile; fileRef = 449606872B13048700D15B6B /* NotoSansKR-Medium.ttf */; };
		4496068E2B13049200D15B6B /* NotoSansKR-Regular.ttf in Resources */ = {isa = PBXBuildFile; fileRef = 449606892B13048700D15B6B /* NotoSansKR-Regular.ttf */; };
		449606912B13052C00D15B6B /* Colors.swift in Sources */ = {isa = PBXBuildFile; fileRef = 449606902B13052C00D15B6B /* Colors.swift */; };
		449606932B1308E600D15B6B /* String+Extension.swift in Sources */ = {isa = PBXBuildFile; fileRef = 449606922B1308E600D15B6B /* String+Extension.swift */; };
		449606982B131FF000D15B6B /* SDWebImageSwiftUI in Frameworks */ = {isa = PBXBuildFile; productRef = 449606972B131FF000D15B6B /* SDWebImageSwiftUI */; };
		4496069D2B1328A400D15B6B /* CourseItemView.swift in Sources */ = {isa = PBXBuildFile; fileRef = 4496069C2B1328A400D15B6B /* CourseItemView.swift */; };
		449606A12B132F3E00D15B6B /* FlexibleView.swift in Sources */ = {isa = PBXBuildFile; fileRef = 449606A02B132F3E00D15B6B /* FlexibleView.swift */; };
		449606A32B132F8600D15B6B /* View+Extension.swift in Sources */ = {isa = PBXBuildFile; fileRef = 449606A22B132F8600D15B6B /* View+Extension.swift */; };
		449606A72B13477A00D15B6B /* DetailView.swift in Sources */ = {isa = PBXBuildFile; fileRef = 449606A62B13477A00D15B6B /* DetailView.swift */; };
		449606A92B13478300D15B6B /* DetailViewModel.swift in Sources */ = {isa = PBXBuildFile; fileRef = 449606A82B13478300D15B6B /* DetailViewModel.swift */; };
		449606BE2B14B2AE00D15B6B /* LectureListModel.swift in Sources */ = {isa = PBXBuildFile; fileRef = 449606BD2B14B2AE00D15B6B /* LectureListModel.swift */; };
		449606C12B14B73500D15B6B /* PressButtonStyle.swift in Sources */ = {isa = PBXBuildFile; fileRef = 449606C02B14B73500D15B6B /* PressButtonStyle.swift */; };
		449606C52B14D84E00D15B6B /* CouseItemModel.swift in Sources */ = {isa = PBXBuildFile; fileRef = 449606C42B14D84E00D15B6B /* CouseItemModel.swift */; };
		449606CB2B14E58200D15B6B /* Parma in Frameworks */ = {isa = PBXBuildFile; productRef = 449606CA2B14E58200D15B6B /* Parma */; };
		449606CE2B14E87800D15B6B /* Kingfisher in Frameworks */ = {isa = PBXBuildFile; productRef = 449606CD2B14E87800D15B6B /* Kingfisher */; };
		44BA0B882B12650B003687B7 /* elise_testApp.swift in Sources */ = {isa = PBXBuildFile; fileRef = 44BA0B872B12650B003687B7 /* elise_testApp.swift */; };
		44BA0B8A2B12650B003687B7 /* MainView.swift in Sources */ = {isa = PBXBuildFile; fileRef = 44BA0B892B12650B003687B7 /* MainView.swift */; };
		44BA0B8C2B12650C003687B7 /* Assets.xcassets in Resources */ = {isa = PBXBuildFile; fileRef = 44BA0B8B2B12650C003687B7 /* Assets.xcassets */; };
		44BA0B8F2B12650C003687B7 /* Preview Assets.xcassets in Resources */ = {isa = PBXBuildFile; fileRef = 44BA0B8E2B12650C003687B7 /* Preview Assets.xcassets */; };
		44BA0B992B12650C003687B7 /* elise_testTests.swift in Sources */ = {isa = PBXBuildFile; fileRef = 44BA0B982B12650C003687B7 /* elise_testTests.swift */; };
		44BA0BA32B12650C003687B7 /* elise_testUITests.swift in Sources */ = {isa = PBXBuildFile; fileRef = 44BA0BA22B12650C003687B7 /* elise_testUITests.swift */; };
		44BA0BA52B12650C003687B7 /* elise_testUITestsLaunchTests.swift in Sources */ = {isa = PBXBuildFile; fileRef = 44BA0BA42B12650C003687B7 /* elise_testUITestsLaunchTests.swift */; };
		44BA0BB32B12659F003687B7 /* Service.swift in Sources */ = {isa = PBXBuildFile; fileRef = 44BA0BB22B12659F003687B7 /* Service.swift */; };
		44BA0BB52B1265C5003687B7 /* APICall.swift in Sources */ = {isa = PBXBuildFile; fileRef = 44BA0BB42B1265C5003687B7 /* APICall.swift */; };
		44BA0BB82B12664A003687B7 /* Alamofire in Frameworks */ = {isa = PBXBuildFile; productRef = 44BA0BB72B12664A003687B7 /* Alamofire */; };
		44BA0BBA2B126681003687B7 /* WebRepository.swift in Sources */ = {isa = PBXBuildFile; fileRef = 44BA0BB92B126681003687B7 /* WebRepository.swift */; };
		44BA0BC02B126974003687B7 /* CancelBag.swift in Sources */ = {isa = PBXBuildFile; fileRef = 44BA0BBF2B126974003687B7 /* CancelBag.swift */; };
/* End PBXBuildFile section */

/* Begin PBXContainerItemProxy section */
		44BA0B952B12650C003687B7 /* PBXContainerItemProxy */ = {
			isa = PBXContainerItemProxy;
			containerPortal = 44BA0B7C2B12650B003687B7 /* Project object */;
			proxyType = 1;
			remoteGlobalIDString = 44BA0B832B12650B003687B7;
			remoteInfo = elise_test;
		};
		44BA0B9F2B12650C003687B7 /* PBXContainerItemProxy */ = {
			isa = PBXContainerItemProxy;
			containerPortal = 44BA0B7C2B12650B003687B7 /* Project object */;
			proxyType = 1;
			remoteGlobalIDString = 44BA0B832B12650B003687B7;
			remoteInfo = elise_test;
		};
/* End PBXContainerItemProxy section */

/* Begin PBXFileReference section */
		4496067C2B12725500D15B6B /* CourseListModel.swift */ = {isa = PBXFileReference; lastKnownFileType = sourcecode.swift; path = CourseListModel.swift; sourceTree = "<group>"; };
		449606822B12FB2F00D15B6B /* MainViewModel.swift */ = {isa = PBXFileReference; lastKnownFileType = sourcecode.swift; path = MainViewModel.swift; sourceTree = "<group>"; };
		449606842B1303F800D15B6B /* NotoText.swift */ = {isa = PBXFileReference; lastKnownFileType = sourcecode.swift; path = NotoText.swift; sourceTree = "<group>"; };
		449606872B13048700D15B6B /* NotoSansKR-Medium.ttf */ = {isa = PBXFileReference; lastKnownFileType = file; path = "NotoSansKR-Medium.ttf"; sourceTree = "<group>"; };
		449606882B13048700D15B6B /* NotoSansKR-Bold.ttf */ = {isa = PBXFileReference; lastKnownFileType = file; path = "NotoSansKR-Bold.ttf"; sourceTree = "<group>"; };
		449606892B13048700D15B6B /* NotoSansKR-Regular.ttf */ = {isa = PBXFileReference; lastKnownFileType = file; path = "NotoSansKR-Regular.ttf"; sourceTree = "<group>"; };
		4496068A2B13048700D15B6B /* NotoSansKR-Light.ttf */ = {isa = PBXFileReference; lastKnownFileType = file; path = "NotoSansKR-Light.ttf"; sourceTree = "<group>"; };
		4496068F2B1304B000D15B6B /* elise-test-Info.plist */ = {isa = PBXFileReference; lastKnownFileType = text.plist; path = "elise-test-Info.plist"; sourceTree = SOURCE_ROOT; };
		449606902B13052C00D15B6B /* Colors.swift */ = {isa = PBXFileReference; lastKnownFileType = sourcecode.swift; path = Colors.swift; sourceTree = "<group>"; };
		449606922B1308E600D15B6B /* String+Extension.swift */ = {isa = PBXFileReference; lastKnownFileType = sourcecode.swift; path = "String+Extension.swift"; sourceTree = "<group>"; };
		4496069C2B1328A400D15B6B /* CourseItemView.swift */ = {isa = PBXFileReference; lastKnownFileType = sourcecode.swift; path = CourseItemView.swift; sourceTree = "<group>"; };
		449606A02B132F3E00D15B6B /* FlexibleView.swift */ = {isa = PBXFileReference; lastKnownFileType = sourcecode.swift; path = FlexibleView.swift; sourceTree = "<group>"; };
		449606A22B132F8600D15B6B /* View+Extension.swift */ = {isa = PBXFileReference; lastKnownFileType = sourcecode.swift; path = "View+Extension.swift"; sourceTree = "<group>"; };
		449606A62B13477A00D15B6B /* DetailView.swift */ = {isa = PBXFileReference; lastKnownFileType = sourcecode.swift; path = DetailView.swift; sourceTree = "<group>"; };
		449606A82B13478300D15B6B /* DetailViewModel.swift */ = {isa = PBXFileReference; lastKnownFileType = sourcecode.swift; path = DetailViewModel.swift; sourceTree = "<group>"; };
		449606BD2B14B2AE00D15B6B /* LectureListModel.swift */ = {isa = PBXFileReference; lastKnownFileType = sourcecode.swift; path = LectureListModel.swift; sourceTree = "<group>"; };
		449606C02B14B73500D15B6B /* PressButtonStyle.swift */ = {isa = PBXFileReference; lastKnownFileType = sourcecode.swift; path = PressButtonStyle.swift; sourceTree = "<group>"; };
		449606C42B14D84E00D15B6B /* CouseItemModel.swift */ = {isa = PBXFileReference; lastKnownFileType = sourcecode.swift; path = CouseItemModel.swift; sourceTree = "<group>"; };
		44BA0B842B12650B003687B7 /* elise_test.app */ = {isa = PBXFileReference; explicitFileType = wrapper.application; includeInIndex = 0; path = elise_test.app; sourceTree = BUILT_PRODUCTS_DIR; };
		44BA0B872B12650B003687B7 /* elise_testApp.swift */ = {isa = PBXFileReference; lastKnownFileType = sourcecode.swift; path = elise_testApp.swift; sourceTree = "<group>"; };
		44BA0B892B12650B003687B7 /* MainView.swift */ = {isa = PBXFileReference; lastKnownFileType = sourcecode.swift; path = MainView.swift; sourceTree = "<group>"; };
		44BA0B8B2B12650C003687B7 /* Assets.xcassets */ = {isa = PBXFileReference; lastKnownFileType = folder.assetcatalog; path = Assets.xcassets; sourceTree = "<group>"; };
		44BA0B8E2B12650C003687B7 /* Preview Assets.xcassets */ = {isa = PBXFileReference; lastKnownFileType = folder.assetcatalog; path = "Preview Assets.xcassets"; sourceTree = "<group>"; };
		44BA0B942B12650C003687B7 /* elise_testTests.xctest */ = {isa = PBXFileReference; explicitFileType = wrapper.cfbundle; includeInIndex = 0; path = elise_testTests.xctest; sourceTree = BUILT_PRODUCTS_DIR; };
		44BA0B982B12650C003687B7 /* elise_testTests.swift */ = {isa = PBXFileReference; lastKnownFileType = sourcecode.swift; path = elise_testTests.swift; sourceTree = "<group>"; };
		44BA0B9E2B12650C003687B7 /* elise_testUITests.xctest */ = {isa = PBXFileReference; explicitFileType = wrapper.cfbundle; includeInIndex = 0; path = elise_testUITests.xctest; sourceTree = BUILT_PRODUCTS_DIR; };
		44BA0BA22B12650C003687B7 /* elise_testUITests.swift */ = {isa = PBXFileReference; lastKnownFileType = sourcecode.swift; path = elise_testUITests.swift; sourceTree = "<group>"; };
		44BA0BA42B12650C003687B7 /* elise_testUITestsLaunchTests.swift */ = {isa = PBXFileReference; lastKnownFileType = sourcecode.swift; path = elise_testUITestsLaunchTests.swift; sourceTree = "<group>"; };
		44BA0BB22B12659F003687B7 /* Service.swift */ = {isa = PBXFileReference; lastKnownFileType = sourcecode.swift; path = Service.swift; sourceTree = "<group>"; };
		44BA0BB42B1265C5003687B7 /* APICall.swift */ = {isa = PBXFileReference; lastKnownFileType = sourcecode.swift; path = APICall.swift; sourceTree = "<group>"; };
		44BA0BB92B126681003687B7 /* WebRepository.swift */ = {isa = PBXFileReference; lastKnownFileType = sourcecode.swift; path = WebRepository.swift; sourceTree = "<group>"; };
		44BA0BBF2B126974003687B7 /* CancelBag.swift */ = {isa = PBXFileReference; lastKnownFileType = sourcecode.swift; path = CancelBag.swift; sourceTree = "<group>"; };
/* End PBXFileReference section */

/* Begin PBXFrameworksBuildPhase section */
		44BA0B812B12650B003687B7 /* Frameworks */ = {
			isa = PBXFrameworksBuildPhase;
			buildActionMask = 2147483647;
			files = (
				449606CE2B14E87800D15B6B /* Kingfisher in Frameworks */,
				449606CB2B14E58200D15B6B /* Parma in Frameworks */,
				449606982B131FF000D15B6B /* SDWebImageSwiftUI in Frameworks */,
				44BA0BB82B12664A003687B7 /* Alamofire in Frameworks */,
			);
			runOnlyForDeploymentPostprocessing = 0;
		};
		44BA0B912B12650C003687B7 /* Frameworks */ = {
			isa = PBXFrameworksBuildPhase;
			buildActionMask = 2147483647;
			files = (
			);
			runOnlyForDeploymentPostprocessing = 0;
		};
		44BA0B9B2B12650C003687B7 /* Frameworks */ = {
			isa = PBXFrameworksBuildPhase;
			buildActionMask = 2147483647;
			files = (
			);
			runOnlyForDeploymentPostprocessing = 0;
		};
/* End PBXFrameworksBuildPhase section */

/* Begin PBXGroup section */
		449606862B13047600D15B6B /* Font */ = {
			isa = PBXGroup;
			children = (
				449606882B13048700D15B6B /* NotoSansKR-Bold.ttf */,
				4496068A2B13048700D15B6B /* NotoSansKR-Light.ttf */,
				449606872B13048700D15B6B /* NotoSansKR-Medium.ttf */,
				449606892B13048700D15B6B /* NotoSansKR-Regular.ttf */,
			);
			path = Font;
			sourceTree = "<group>";
		};
		449606992B13287F00D15B6B /* CustomView */ = {
			isa = PBXGroup;
			children = (
				4496069C2B1328A400D15B6B /* CourseItemView.swift */,
				449606A02B132F3E00D15B6B /* FlexibleView.swift */,
			);
			path = CustomView;
			sourceTree = "<group>";
		};
		449606A42B13476000D15B6B /* Main */ = {
			isa = PBXGroup;
			children = (
				44BA0B892B12650B003687B7 /* MainView.swift */,
				449606822B12FB2F00D15B6B /* MainViewModel.swift */,
			);
			path = Main;
			sourceTree = "<group>";
		};
		449606A52B13476900D15B6B /* Detail */ = {
			isa = PBXGroup;
			children = (
				449606A62B13477A00D15B6B /* DetailView.swift */,
				449606A82B13478300D15B6B /* DetailViewModel.swift */,
			);
			path = Detail;
			sourceTree = "<group>";
		};
		449606BF2B14B72500D15B6B /* Modifier */ = {
			isa = PBXGroup;
			children = (
				449606C02B14B73500D15B6B /* PressButtonStyle.swift */,
			);
			path = Modifier;
			sourceTree = "<group>";
		};
		44BA0B7B2B12650B003687B7 = {
			isa = PBXGroup;
			children = (
				44BA0B862B12650B003687B7 /* elise_test */,
				44BA0B972B12650C003687B7 /* elise_testTests */,
				44BA0BA12B12650C003687B7 /* elise_testUITests */,
				44BA0B852B12650B003687B7 /* Products */,
			);
			sourceTree = "<group>";
		};
		44BA0B852B12650B003687B7 /* Products */ = {
			isa = PBXGroup;
			children = (
				44BA0B842B12650B003687B7 /* elise_test.app */,
				44BA0B942B12650C003687B7 /* elise_testTests.xctest */,
				44BA0B9E2B12650C003687B7 /* elise_testUITests.xctest */,
			);
			name = Products;
			sourceTree = "<group>";
		};
		44BA0B862B12650B003687B7 /* elise_test */ = {
			isa = PBXGroup;
			children = (
				449606BF2B14B72500D15B6B /* Modifier */,
				4496068F2B1304B000D15B6B /* elise-test-Info.plist */,
				449606862B13047600D15B6B /* Font */,
				44BA0BB12B12657C003687B7 /* Service+Repository */,
				44BA0BBC2B1266FC003687B7 /* View */,
				44BA0BBE2B12696A003687B7 /* Util */,
				44BA0BBD2B126700003687B7 /* Entity */,
				44BA0BBB2B1266E7003687B7 /* System */,
				44BA0B8D2B12650C003687B7 /* Preview Content */,
			);
			path = elise_test;
			sourceTree = "<group>";
		};
		44BA0B8D2B12650C003687B7 /* Preview Content */ = {
			isa = PBXGroup;
			children = (
				44BA0B8E2B12650C003687B7 /* Preview Assets.xcassets */,
			);
			path = "Preview Content";
			sourceTree = "<group>";
		};
		44BA0B972B12650C003687B7 /* elise_testTests */ = {
			isa = PBXGroup;
			children = (
				44BA0B982B12650C003687B7 /* elise_testTests.swift */,
			);
			path = elise_testTests;
			sourceTree = "<group>";
		};
		44BA0BA12B12650C003687B7 /* elise_testUITests */ = {
			isa = PBXGroup;
			children = (
				44BA0BA22B12650C003687B7 /* elise_testUITests.swift */,
				44BA0BA42B12650C003687B7 /* elise_testUITestsLaunchTests.swift */,
			);
			path = elise_testUITests;
			sourceTree = "<group>";
		};
		44BA0BB12B12657C003687B7 /* Service+Repository */ = {
			isa = PBXGroup;
			children = (
				44BA0BB22B12659F003687B7 /* Service.swift */,
				44BA0BB42B1265C5003687B7 /* APICall.swift */,
				44BA0BB92B126681003687B7 /* WebRepository.swift */,
			);
			path = "Service+Repository";
			sourceTree = "<group>";
		};
		44BA0BBB2B1266E7003687B7 /* System */ = {
			isa = PBXGroup;
			children = (
				44BA0B872B12650B003687B7 /* elise_testApp.swift */,
				44BA0B8B2B12650C003687B7 /* Assets.xcassets */,
			);
			path = System;
			sourceTree = "<group>";
		};
		44BA0BBC2B1266FC003687B7 /* View */ = {
			isa = PBXGroup;
			children = (
				449606992B13287F00D15B6B /* CustomView */,
				449606A42B13476000D15B6B /* Main */,
				449606A52B13476900D15B6B /* Detail */,
			);
			path = View;
			sourceTree = "<group>";
		};
		44BA0BBD2B126700003687B7 /* Entity */ = {
			isa = PBXGroup;
			children = (
				4496067C2B12725500D15B6B /* CourseListModel.swift */,
				449606BD2B14B2AE00D15B6B /* LectureListModel.swift */,
				449606C42B14D84E00D15B6B /* CouseItemModel.swift */,
			);
			path = Entity;
			sourceTree = "<group>";
		};
		44BA0BBE2B12696A003687B7 /* Util */ = {
			isa = PBXGroup;
			children = (
				44BA0BBF2B126974003687B7 /* CancelBag.swift */,
				449606842B1303F800D15B6B /* NotoText.swift */,
				449606902B13052C00D15B6B /* Colors.swift */,
				449606922B1308E600D15B6B /* String+Extension.swift */,
				449606A22B132F8600D15B6B /* View+Extension.swift */,
			);
			path = Util;
			sourceTree = "<group>";
		};
/* End PBXGroup section */

/* Begin PBXNativeTarget section */
		44BA0B832B12650B003687B7 /* elise_test */ = {
			isa = PBXNativeTarget;
			buildConfigurationList = 44BA0BA82B12650C003687B7 /* Build configuration list for PBXNativeTarget "elise_test" */;
			buildPhases = (
				44BA0B802B12650B003687B7 /* Sources */,
				44BA0B812B12650B003687B7 /* Frameworks */,
				44BA0B822B12650B003687B7 /* Resources */,
			);
			buildRules = (
			);
			dependencies = (
			);
			name = elise_test;
			packageProductDependencies = (
				44BA0BB72B12664A003687B7 /* Alamofire */,
				449606972B131FF000D15B6B /* SDWebImageSwiftUI */,
				449606CA2B14E58200D15B6B /* Parma */,
				449606CD2B14E87800D15B6B /* Kingfisher */,
			);
			productName = elise_test;
			productReference = 44BA0B842B12650B003687B7 /* elise_test.app */;
			productType = "com.apple.product-type.application";
		};
		44BA0B932B12650C003687B7 /* elise_testTests */ = {
			isa = PBXNativeTarget;
			buildConfigurationList = 44BA0BAB2B12650C003687B7 /* Build configuration list for PBXNativeTarget "elise_testTests" */;
			buildPhases = (
				44BA0B902B12650C003687B7 /* Sources */,
				44BA0B912B12650C003687B7 /* Frameworks */,
				44BA0B922B12650C003687B7 /* Resources */,
			);
			buildRules = (
			);
			dependencies = (
				44BA0B962B12650C003687B7 /* PBXTargetDependency */,
			);
			name = elise_testTests;
			productName = elise_testTests;
			productReference = 44BA0B942B12650C003687B7 /* elise_testTests.xctest */;
			productType = "com.apple.product-type.bundle.unit-test";
		};
		44BA0B9D2B12650C003687B7 /* elise_testUITests */ = {
			isa = PBXNativeTarget;
			buildConfigurationList = 44BA0BAE2B12650C003687B7 /* Build configuration list for PBXNativeTarget "elise_testUITests" */;
			buildPhases = (
				44BA0B9A2B12650C003687B7 /* Sources */,
				44BA0B9B2B12650C003687B7 /* Frameworks */,
				44BA0B9C2B12650C003687B7 /* Resources */,
			);
			buildRules = (
			);
			dependencies = (
				44BA0BA02B12650C003687B7 /* PBXTargetDependency */,
			);
			name = elise_testUITests;
			productName = elise_testUITests;
			productReference = 44BA0B9E2B12650C003687B7 /* elise_testUITests.xctest */;
			productType = "com.apple.product-type.bundle.ui-testing";
		};
/* End PBXNativeTarget section */

/* Begin PBXProject section */
		44BA0B7C2B12650B003687B7 /* Project object */ = {
			isa = PBXProject;
			attributes = {
				BuildIndependentTargetsInParallel = 1;
				LastSwiftUpdateCheck = 1430;
				LastUpgradeCheck = 1430;
				TargetAttributes = {
					44BA0B832B12650B003687B7 = {
						CreatedOnToolsVersion = 14.3.1;
					};
					44BA0B932B12650C003687B7 = {
						CreatedOnToolsVersion = 14.3.1;
						TestTargetID = 44BA0B832B12650B003687B7;
					};
					44BA0B9D2B12650C003687B7 = {
						CreatedOnToolsVersion = 14.3.1;
						TestTargetID = 44BA0B832B12650B003687B7;
					};
				};
			};
			buildConfigurationList = 44BA0B7F2B12650B003687B7 /* Build configuration list for PBXProject "elise_test" */;
			compatibilityVersion = "Xcode 14.0";
			developmentRegion = en;
			hasScannedForEncodings = 0;
			knownRegions = (
				en,
				Base,
			);
			mainGroup = 44BA0B7B2B12650B003687B7;
			packageReferences = (
				44BA0BB62B12664A003687B7 /* XCRemoteSwiftPackageReference "Alamofire" */,
				449606962B131FF000D15B6B /* XCRemoteSwiftPackageReference "SDWebImageSwiftUI" */,
				449606C92B14E58200D15B6B /* XCRemoteSwiftPackageReference "Parma" */,
				449606CC2B14E87800D15B6B /* XCRemoteSwiftPackageReference "Kingfisher" */,
			);
			productRefGroup = 44BA0B852B12650B003687B7 /* Products */;
			projectDirPath = "";
			projectRoot = "";
			targets = (
				44BA0B832B12650B003687B7 /* elise_test */,
				44BA0B932B12650C003687B7 /* elise_testTests */,
				44BA0B9D2B12650C003687B7 /* elise_testUITests */,
			);
		};
/* End PBXProject section */

/* Begin PBXResourcesBuildPhase section */
		44BA0B822B12650B003687B7 /* Resources */ = {
			isa = PBXResourcesBuildPhase;
			buildActionMask = 2147483647;
			files = (
				44BA0B8F2B12650C003687B7 /* Preview Assets.xcassets in Resources */,
				4496068B2B13048B00D15B6B /* NotoSansKR-Bold.ttf in Resources */,
				4496068D2B13048F00D15B6B /* NotoSansKR-Medium.ttf in Resources */,
				44BA0B8C2B12650C003687B7 /* Assets.xcassets in Resources */,
				4496068C2B13048E00D15B6B /* NotoSansKR-Light.ttf in Resources */,
				4496068E2B13049200D15B6B /* NotoSansKR-Regular.ttf in Resources */,
			);
			runOnlyForDeploymentPostprocessing = 0;
		};
		44BA0B922B12650C003687B7 /* Resources */ = {
			isa = PBXResourcesBuildPhase;
			buildActionMask = 2147483647;
			files = (
			);
			runOnlyForDeploymentPostprocessing = 0;
		};
		44BA0B9C2B12650C003687B7 /* Resources */ = {
			isa = PBXResourcesBuildPhase;
			buildActionMask = 2147483647;
			files = (
			);
			runOnlyForDeploymentPostprocessing = 0;
		};
/* End PBXResourcesBuildPhase section */

/* Begin PBXSourcesBuildPhase section */
		44BA0B802B12650B003687B7 /* Sources */ = {
			isa = PBXSourcesBuildPhase;
			buildActionMask = 2147483647;
			files = (
				449606C52B14D84E00D15B6B /* CouseItemModel.swift in Sources */,
				4496069D2B1328A400D15B6B /* CourseItemView.swift in Sources */,
				44BA0B8A2B12650B003687B7 /* MainView.swift in Sources */,
				449606912B13052C00D15B6B /* Colors.swift in Sources */,
				44BA0BBA2B126681003687B7 /* WebRepository.swift in Sources */,
				44BA0BC02B126974003687B7 /* CancelBag.swift in Sources */,
				449606A12B132F3E00D15B6B /* FlexibleView.swift in Sources */,
				449606932B1308E600D15B6B /* String+Extension.swift in Sources */,
				449606A32B132F8600D15B6B /* View+Extension.swift in Sources */,
				449606BE2B14B2AE00D15B6B /* LectureListModel.swift in Sources */,
				449606C12B14B73500D15B6B /* PressButtonStyle.swift in Sources */,
				44BA0B882B12650B003687B7 /* elise_testApp.swift in Sources */,
				4496067D2B12725500D15B6B /* CourseListModel.swift in Sources */,
				44BA0BB52B1265C5003687B7 /* APICall.swift in Sources */,
				44BA0BB32B12659F003687B7 /* Service.swift in Sources */,
				449606852B1303F800D15B6B /* NotoText.swift in Sources */,
				449606A72B13477A00D15B6B /* DetailView.swift in Sources */,
				449606832B12FB2F00D15B6B /* MainViewModel.swift in Sources */,
				449606A92B13478300D15B6B /* DetailViewModel.swift in Sources */,
			);
			runOnlyForDeploymentPostprocessing = 0;
		};
		44BA0B902B12650C003687B7 /* Sources */ = {
			isa = PBXSourcesBuildPhase;
			buildActionMask = 2147483647;
			files = (
				44BA0B992B12650C003687B7 /* elise_testTests.swift in Sources */,
			);
			runOnlyForDeploymentPostprocessing = 0;
		};
		44BA0B9A2B12650C003687B7 /* Sources */ = {
			isa = PBXSourcesBuildPhase;
			buildActionMask = 2147483647;
			files = (
				44BA0BA32B12650C003687B7 /* elise_testUITests.swift in Sources */,
				44BA0BA52B12650C003687B7 /* elise_testUITestsLaunchTests.swift in Sources */,
			);
			runOnlyForDeploymentPostprocessing = 0;
		};
/* End PBXSourcesBuildPhase section */

/* Begin PBXTargetDependency section */
		44BA0B962B12650C003687B7 /* PBXTargetDependency */ = {
			isa = PBXTargetDependency;
			target = 44BA0B832B12650B003687B7 /* elise_test */;
			targetProxy = 44BA0B952B12650C003687B7 /* PBXContainerItemProxy */;
		};
		44BA0BA02B12650C003687B7 /* PBXTargetDependency */ = {
			isa = PBXTargetDependency;
			target = 44BA0B832B12650B003687B7 /* elise_test */;
			targetProxy = 44BA0B9F2B12650C003687B7 /* PBXContainerItemProxy */;
		};
/* End PBXTargetDependency section */

/* Begin XCBuildConfiguration section */
		44BA0BA62B12650C003687B7 /* Debug */ = {
			isa = XCBuildConfiguration;
			buildSettings = {
				ALWAYS_SEARCH_USER_PATHS = NO;
				CLANG_ANALYZER_NONNULL = YES;
				CLANG_ANALYZER_NUMBER_OBJECT_CONVERSION = YES_AGGRESSIVE;
				CLANG_CXX_LANGUAGE_STANDARD = "gnu++20";
				CLANG_ENABLE_MODULES = YES;
				CLANG_ENABLE_OBJC_ARC = YES;
				CLANG_ENABLE_OBJC_WEAK = YES;
				CLANG_WARN_BLOCK_CAPTURE_AUTORELEASING = YES;
				CLANG_WARN_BOOL_CONVERSION = YES;
				CLANG_WARN_COMMA = YES;
				CLANG_WARN_CONSTANT_CONVERSION = YES;
				CLANG_WARN_DEPRECATED_OBJC_IMPLEMENTATIONS = YES;
				CLANG_WARN_DIRECT_OBJC_ISA_USAGE = YES_ERROR;
				CLANG_WARN_DOCUMENTATION_COMMENTS = YES;
				CLANG_WARN_EMPTY_BODY = YES;
				CLANG_WARN_ENUM_CONVERSION = YES;
				CLANG_WARN_INFINITE_RECURSION = YES;
				CLANG_WARN_INT_CONVERSION = YES;
				CLANG_WARN_NON_LITERAL_NULL_CONVERSION = YES;
				CLANG_WARN_OBJC_IMPLICIT_RETAIN_SELF = YES;
				CLANG_WARN_OBJC_LITERAL_CONVERSION = YES;
				CLANG_WARN_OBJC_ROOT_CLASS = YES_ERROR;
				CLANG_WARN_QUOTED_INCLUDE_IN_FRAMEWORK_HEADER = YES;
				CLANG_WARN_RANGE_LOOP_ANALYSIS = YES;
				CLANG_WARN_STRICT_PROTOTYPES = YES;
				CLANG_WARN_SUSPICIOUS_MOVE = YES;
				CLANG_WARN_UNGUARDED_AVAILABILITY = YES_AGGRESSIVE;
				CLANG_WARN_UNREACHABLE_CODE = YES;
				CLANG_WARN__DUPLICATE_METHOD_MATCH = YES;
				COPY_PHASE_STRIP = NO;
				DEBUG_INFORMATION_FORMAT = dwarf;
				ENABLE_STRICT_OBJC_MSGSEND = YES;
				ENABLE_TESTABILITY = YES;
				GCC_C_LANGUAGE_STANDARD = gnu11;
				GCC_DYNAMIC_NO_PIC = NO;
				GCC_NO_COMMON_BLOCKS = YES;
				GCC_OPTIMIZATION_LEVEL = 0;
				GCC_PREPROCESSOR_DEFINITIONS = (
					"DEBUG=1",
					"$(inherited)",
				);
				GCC_WARN_64_TO_32_BIT_CONVERSION = YES;
				GCC_WARN_ABOUT_RETURN_TYPE = YES_ERROR;
				GCC_WARN_UNDECLARED_SELECTOR = YES;
				GCC_WARN_UNINITIALIZED_AUTOS = YES_AGGRESSIVE;
				GCC_WARN_UNUSED_FUNCTION = YES;
				GCC_WARN_UNUSED_VARIABLE = YES;
				IPHONEOS_DEPLOYMENT_TARGET = 16.0;
				MTL_ENABLE_DEBUG_INFO = INCLUDE_SOURCE;
				MTL_FAST_MATH = YES;
				ONLY_ACTIVE_ARCH = YES;
				SDKROOT = iphoneos;
				SWIFT_ACTIVE_COMPILATION_CONDITIONS = DEBUG;
				SWIFT_OPTIMIZATION_LEVEL = "-Onone";
			};
			name = Debug;
		};
		44BA0BA72B12650C003687B7 /* Release */ = {
			isa = XCBuildConfiguration;
			buildSettings = {
				ALWAYS_SEARCH_USER_PATHS = NO;
				CLANG_ANALYZER_NONNULL = YES;
				CLANG_ANALYZER_NUMBER_OBJECT_CONVERSION = YES_AGGRESSIVE;
				CLANG_CXX_LANGUAGE_STANDARD = "gnu++20";
				CLANG_ENABLE_MODULES = YES;
				CLANG_ENABLE_OBJC_ARC = YES;
				CLANG_ENABLE_OBJC_WEAK = YES;
				CLANG_WARN_BLOCK_CAPTURE_AUTORELEASING = YES;
				CLANG_WARN_BOOL_CONVERSION = YES;
				CLANG_WARN_COMMA = YES;
				CLANG_WARN_CONSTANT_CONVERSION = YES;
				CLANG_WARN_DEPRECATED_OBJC_IMPLEMENTATIONS = YES;
				CLANG_WARN_DIRECT_OBJC_ISA_USAGE = YES_ERROR;
				CLANG_WARN_DOCUMENTATION_COMMENTS = YES;
				CLANG_WARN_EMPTY_BODY = YES;
				CLANG_WARN_ENUM_CONVERSION = YES;
				CLANG_WARN_INFINITE_RECURSION = YES;
				CLANG_WARN_INT_CONVERSION = YES;
				CLANG_WARN_NON_LITERAL_NULL_CONVERSION = YES;
				CLANG_WARN_OBJC_IMPLICIT_RETAIN_SELF = YES;
				CLANG_WARN_OBJC_LITERAL_CONVERSION = YES;
				CLANG_WARN_OBJC_ROOT_CLASS = YES_ERROR;
				CLANG_WARN_QUOTED_INCLUDE_IN_FRAMEWORK_HEADER = YES;
				CLANG_WARN_RANGE_LOOP_ANALYSIS = YES;
				CLANG_WARN_STRICT_PROTOTYPES = YES;
				CLANG_WARN_SUSPICIOUS_MOVE = YES;
				CLANG_WARN_UNGUARDED_AVAILABILITY = YES_AGGRESSIVE;
				CLANG_WARN_UNREACHABLE_CODE = YES;
				CLANG_WARN__DUPLICATE_METHOD_MATCH = YES;
				COPY_PHASE_STRIP = NO;
				DEBUG_INFORMATION_FORMAT = "dwarf-with-dsym";
				ENABLE_NS_ASSERTIONS = NO;
				ENABLE_STRICT_OBJC_MSGSEND = YES;
				GCC_C_LANGUAGE_STANDARD = gnu11;
				GCC_NO_COMMON_BLOCKS = YES;
				GCC_WARN_64_TO_32_BIT_CONVERSION = YES;
				GCC_WARN_ABOUT_RETURN_TYPE = YES_ERROR;
				GCC_WARN_UNDECLARED_SELECTOR = YES;
				GCC_WARN_UNINITIALIZED_AUTOS = YES_AGGRESSIVE;
				GCC_WARN_UNUSED_FUNCTION = YES;
				GCC_WARN_UNUSED_VARIABLE = YES;
				IPHONEOS_DEPLOYMENT_TARGET = 16.0;
				MTL_ENABLE_DEBUG_INFO = NO;
				MTL_FAST_MATH = YES;
				SDKROOT = iphoneos;
				SWIFT_COMPILATION_MODE = wholemodule;
				SWIFT_OPTIMIZATION_LEVEL = "-O";
				VALIDATE_PRODUCT = YES;
			};
			name = Release;
		};
		44BA0BA92B12650C003687B7 /* Debug */ = {
			isa = XCBuildConfiguration;
			buildSettings = {
				ASSETCATALOG_COMPILER_APPICON_NAME = AppIcon;
				ASSETCATALOG_COMPILER_GLOBAL_ACCENT_COLOR_NAME = AccentColor;
				CODE_SIGN_STYLE = Automatic;
				CURRENT_PROJECT_VERSION = 1;
				DEVELOPMENT_ASSET_PATHS = "\"elise_test/Preview Content\"";
				DEVELOPMENT_TEAM = ZMXTCSPNUZ;
				ENABLE_PREVIEWS = YES;
				GENERATE_INFOPLIST_FILE = YES;
				INFOPLIST_FILE = "elise-test-Info.plist";
				INFOPLIST_KEY_UIApplicationSceneManifest_Generation = YES;
				INFOPLIST_KEY_UIApplicationSupportsIndirectInputEvents = YES;
				INFOPLIST_KEY_UILaunchScreen_Generation = YES;
				INFOPLIST_KEY_UISupportedInterfaceOrientations_iPad = "UIInterfaceOrientationPortrait UIInterfaceOrientationPortraitUpsideDown UIInterfaceOrientationLandscapeLeft UIInterfaceOrientationLandscapeRight";
				INFOPLIST_KEY_UISupportedInterfaceOrientations_iPhone = "UIInterfaceOrientationPortrait UIInterfaceOrientationLandscapeLeft UIInterfaceOrientationLandscapeRight";
				IPHONEOS_DEPLOYMENT_TARGET = 16.0;
				LD_RUNPATH_SEARCH_PATHS = (
					"$(inherited)",
					"@executable_path/Frameworks",
				);
				MARKETING_VERSION = 1.0;
				PRODUCT_BUNDLE_IDENTIFIER = "tabber.elise-test";
				PRODUCT_NAME = "$(TARGET_NAME)";
				SWIFT_EMIT_LOC_STRINGS = YES;
				SWIFT_VERSION = 5.0;
				TARGETED_DEVICE_FAMILY = "1,2";
			};
			name = Debug;
		};
		44BA0BAA2B12650C003687B7 /* Release */ = {
			isa = XCBuildConfiguration;
			buildSettings = {
				ASSETCATALOG_COMPILER_APPICON_NAME = AppIcon;
				ASSETCATALOG_COMPILER_GLOBAL_ACCENT_COLOR_NAME = AccentColor;
				CODE_SIGN_STYLE = Automatic;
				CURRENT_PROJECT_VERSION = 1;
				DEVELOPMENT_ASSET_PATHS = "\"elise_test/Preview Content\"";
				DEVELOPMENT_TEAM = ZMXTCSPNUZ;
				ENABLE_PREVIEWS = YES;
				GENERATE_INFOPLIST_FILE = YES;
				INFOPLIST_FILE = "elise-test-Info.plist";
				INFOPLIST_KEY_UIApplicationSceneManifest_Generation = YES;
				INFOPLIST_KEY_UIApplicationSupportsIndirectInputEvents = YES;
				INFOPLIST_KEY_UILaunchScreen_Generation = YES;
				INFOPLIST_KEY_UISupportedInterfaceOrientations_iPad = "UIInterfaceOrientationPortrait UIInterfaceOrientationPortraitUpsideDown UIInterfaceOrientationLandscapeLeft UIInterfaceOrientationLandscapeRight";
				INFOPLIST_KEY_UISupportedInterfaceOrientations_iPhone = "UIInterfaceOrientationPortrait UIInterfaceOrientationLandscapeLeft UIInterfaceOrientationLandscapeRight";
				IPHONEOS_DEPLOYMENT_TARGET = 16.0;
				LD_RUNPATH_SEARCH_PATHS = (
					"$(inherited)",
					"@executable_path/Frameworks",
				);
				MARKETING_VERSION = 1.0;
				PRODUCT_BUNDLE_IDENTIFIER = "tabber.elise-test";
				PRODUCT_NAME = "$(TARGET_NAME)";
				SWIFT_EMIT_LOC_STRINGS = YES;
				SWIFT_VERSION = 5.0;
				TARGETED_DEVICE_FAMILY = "1,2";
			};
			name = Release;
		};
		44BA0BAC2B12650C003687B7 /* Debug */ = {
			isa = XCBuildConfiguration;
			buildSettings = {
				ALWAYS_EMBED_SWIFT_STANDARD_LIBRARIES = YES;
				BUNDLE_LOADER = "$(TEST_HOST)";
				CODE_SIGN_STYLE = Automatic;
				CURRENT_PROJECT_VERSION = 1;
				DEVELOPMENT_TEAM = ZMXTCSPNUZ;
				GENERATE_INFOPLIST_FILE = YES;
				IPHONEOS_DEPLOYMENT_TARGET = 16.4;
				MARKETING_VERSION = 1.0;
				PRODUCT_BUNDLE_IDENTIFIER = "tabber.elise-testTests";
				PRODUCT_NAME = "$(TARGET_NAME)";
				SWIFT_EMIT_LOC_STRINGS = NO;
				SWIFT_VERSION = 5.0;
				TARGETED_DEVICE_FAMILY = "1,2";
				TEST_HOST = "$(BUILT_PRODUCTS_DIR)/elise_test.app/$(BUNDLE_EXECUTABLE_FOLDER_PATH)/elise_test";
			};
			name = Debug;
		};
		44BA0BAD2B12650C003687B7 /* Release */ = {
			isa = XCBuildConfiguration;
			buildSettings = {
				ALWAYS_EMBED_SWIFT_STANDARD_LIBRARIES = YES;
				BUNDLE_LOADER = "$(TEST_HOST)";
				CODE_SIGN_STYLE = Automatic;
				CURRENT_PROJECT_VERSION = 1;
				DEVELOPMENT_TEAM = ZMXTCSPNUZ;
				GENERATE_INFOPLIST_FILE = YES;
				IPHONEOS_DEPLOYMENT_TARGET = 16.4;
				MARKETING_VERSION = 1.0;
				PRODUCT_BUNDLE_IDENTIFIER = "tabber.elise-testTests";
				PRODUCT_NAME = "$(TARGET_NAME)";
				SWIFT_EMIT_LOC_STRINGS = NO;
				SWIFT_VERSION = 5.0;
				TARGETED_DEVICE_FAMILY = "1,2";
				TEST_HOST = "$(BUILT_PRODUCTS_DIR)/elise_test.app/$(BUNDLE_EXECUTABLE_FOLDER_PATH)/elise_test";
			};
			name = Release;
		};
		44BA0BAF2B12650C003687B7 /* Debug */ = {
			isa = XCBuildConfiguration;
			buildSettings = {
				ALWAYS_EMBED_SWIFT_STANDARD_LIBRARIES = YES;
				CODE_SIGN_STYLE = Automatic;
				CURRENT_PROJECT_VERSION = 1;
				DEVELOPMENT_TEAM = ZMXTCSPNUZ;
				GENERATE_INFOPLIST_FILE = YES;
				MARKETING_VERSION = 1.0;
				PRODUCT_BUNDLE_IDENTIFIER = "tabber.elise-testUITests";
				PRODUCT_NAME = "$(TARGET_NAME)";
				SWIFT_EMIT_LOC_STRINGS = NO;
				SWIFT_VERSION = 5.0;
				TARGETED_DEVICE_FAMILY = "1,2";
				TEST_TARGET_NAME = elise_test;
			};
			name = Debug;
		};
		44BA0BB02B12650C003687B7 /* Release */ = {
			isa = XCBuildConfiguration;
			buildSettings = {
				ALWAYS_EMBED_SWIFT_STANDARD_LIBRARIES = YES;
				CODE_SIGN_STYLE = Automatic;
				CURRENT_PROJECT_VERSION = 1;
				DEVELOPMENT_TEAM = ZMXTCSPNUZ;
				GENERATE_INFOPLIST_FILE = YES;
				MARKETING_VERSION = 1.0;
				PRODUCT_BUNDLE_IDENTIFIER = "tabber.elise-testUITests";
				PRODUCT_NAME = "$(TARGET_NAME)";
				SWIFT_EMIT_LOC_STRINGS = NO;
				SWIFT_VERSION = 5.0;
				TARGETED_DEVICE_FAMILY = "1,2";
				TEST_TARGET_NAME = elise_test;
			};
			name = Release;
		};
/* End XCBuildConfiguration section */

/* Begin XCConfigurationList section */
		44BA0B7F2B12650B003687B7 /* Build configuration list for PBXProject "elise_test" */ = {
			isa = XCConfigurationList;
			buildConfigurations = (
				44BA0BA62B12650C003687B7 /* Debug */,
				44BA0BA72B12650C003687B7 /* Release */,
			);
			defaultConfigurationIsVisible = 0;
			defaultConfigurationName = Release;
		};
		44BA0BA82B12650C003687B7 /* Build configuration list for PBXNativeTarget "elise_test" */ = {
			isa = XCConfigurationList;
			buildConfigurations = (
				44BA0BA92B12650C003687B7 /* Debug */,
				44BA0BAA2B12650C003687B7 /* Release */,
			);
			defaultConfigurationIsVisible = 0;
			defaultConfigurationName = Release;
		};
		44BA0BAB2B12650C003687B7 /* Build configuration list for PBXNativeTarget "elise_testTests" */ = {
			isa = XCConfigurationList;
			buildConfigurations = (
				44BA0BAC2B12650C003687B7 /* Debug */,
				44BA0BAD2B12650C003687B7 /* Release */,
			);
			defaultConfigurationIsVisible = 0;
			defaultConfigurationName = Release;
		};
		44BA0BAE2B12650C003687B7 /* Build configuration list for PBXNativeTarget "elise_testUITests" */ = {
			isa = XCConfigurationList;
			buildConfigurations = (
				44BA0BAF2B12650C003687B7 /* Debug */,
				44BA0BB02B12650C003687B7 /* Release */,
			);
			defaultConfigurationIsVisible = 0;
			defaultConfigurationName = Release;
		};
/* End XCConfigurationList section */

/* Begin XCRemoteSwiftPackageReference section */
		449606962B131FF000D15B6B /* XCRemoteSwiftPackageReference "SDWebImageSwiftUI" */ = {
			isa = XCRemoteSwiftPackageReference;
			repositoryURL = "https://github.com/SDWebImage/SDWebImageSwiftUI.git";
			requirement = {
				kind = upToNextMajorVersion;
				minimumVersion = 2.0.0;
			};
		};
		449606C92B14E58200D15B6B /* XCRemoteSwiftPackageReference "Parma" */ = {
			isa = XCRemoteSwiftPackageReference;
			repositoryURL = "https://github.com/dasautoooo/Parma.git";
			requirement = {
				branch = main;
				kind = branch;
			};
		};
		449606CC2B14E87800D15B6B /* XCRemoteSwiftPackageReference "Kingfisher" */ = {
			isa = XCRemoteSwiftPackageReference;
			repositoryURL = "https://github.com/onevcat/Kingfisher.git";
			requirement = {
				kind = upToNextMajorVersion;
				minimumVersion = 7.0.0;
			};
		};
		44BA0BB62B12664A003687B7 /* XCRemoteSwiftPackageReference "Alamofire" */ = {
			isa = XCRemoteSwiftPackageReference;
			repositoryURL = "https://github.com/Alamofire/Alamofire.git";
			requirement = {
				kind = upToNextMajorVersion;
				minimumVersion = 5.0.0;
			};
		};
/* End XCRemoteSwiftPackageReference section */

/* Begin XCSwiftPackageProductDependency section */
		449606972B131FF000D15B6B /* SDWebImageSwiftUI */ = {
			isa = XCSwiftPackageProductDependency;
			package = 449606962B131FF000D15B6B /* XCRemoteSwiftPackageReference "SDWebImageSwiftUI" */;
			productName = SDWebImageSwiftUI;
		};
		449606CA2B14E58200D15B6B /* Parma */ = {
			isa = XCSwiftPackageProductDependency;
			package = 449606C92B14E58200D15B6B /* XCRemoteSwiftPackageReference "Parma" */;
			productName = Parma;
		};
		449606CD2B14E87800D15B6B /* Kingfisher */ = {
			isa = XCSwiftPackageProductDependency;
			package = 449606CC2B14E87800D15B6B /* XCRemoteSwiftPackageReference "Kingfisher" */;
			productName = Kingfisher;
		};
		44BA0BB72B12664A003687B7 /* Alamofire */ = {
			isa = XCSwiftPackageProductDependency;
			package = 44BA0BB62B12664A003687B7 /* XCRemoteSwiftPackageReference "Alamofire" */;
			productName = Alamofire;
		};
/* End XCSwiftPackageProductDependency section */
	};
	rootObject = 44BA0B7C2B12650B003687B7 /* Project object */;
}
